
Microsoft Visual Studio Solution File, Format Version 12.00
# Visual Studio Version 17
VisualStudioVersion = 17.5.002.0
MinimumVisualStudioVersion = 10.0.40219.1
Project("{9A19103F-16F7-4668-BE54-9A1E7A4F7556}") = "bibliotecaApi", "bibliotecaApi.csproj", "{531E5191-6023-430C-9E04-3AA3C9333B09}"
EndProject
Global
	GlobalSection(SolutionConfigurationPlatforms) = preSolution
		Debug|Any CPU = Debug|Any CPU
		Release|Any CPU = Release|Any CPU
	EndGlobalSection
	GlobalSection(ProjectConfigurationPlatforms) = postSolution
		{531E5191-6023-430C-9E04-3AA3C9333B09}.Debug|Any CPU.ActiveCfg = Debug|Any CPU
		{531E5191-6023-430C-9E04-3AA3C9333B09}.Debug|Any CPU.Build.0 = Debug|Any CPU
		{531E5191-6023-430C-9E04-3AA3C9333B09}.Release|Any CPU.ActiveCfg = Release|Any CPU
		{531E5191-6023-430C-9E04-3AA3C9333B09}.Release|Any CPU.Build.0 = Release|Any CPU
	EndGlobalSection
	GlobalSection(SolutionProperties) = preSolution
		HideSolutionNode = FALSE
	EndGlobalSection
	GlobalSection(ExtensibilityGlobals) = postSolution
		SolutionGuid = {C6FE6352-51AF-444A-9B56-5AAB97AF1B19}
	EndGlobalSection
EndGlobal
